{
  "name": "ak_bot",
  "version": "1.0.0",
  "lockfileVersion": 2,
  "requires": true,
  "packages": {
    "": {
      "name": "ak_bot",
      "version": "1.0.0",
      "license": "ISC",
      "dependencies": {
        "axios": "^0.21.0",
        "telegraf": "^4.3.0"
      }
    },
    "node_modules/abort-controller": {
      "version": "3.0.0",
      "resolved": "https://core-artifactory.truveris.com/artifactory/api/npm/npm/abort-controller/-/abort-controller-3.0.0.tgz",
      "integrity": "sha1-6vVNU7YrrkE46AnKIlyEOabvs5I=",
      "license": "MIT",
      "dependencies": {
        "event-target-shim": "^5.0.0"
      },
      "engines": {
        "node": ">=6.5"
      }
    },
    "node_modules/axios": {
      "version": "0.21.1",
      "resolved": "https://core-artifactory.truveris.com/artifactory/api/npm/npm/axios/-/axios-0.21.1.tgz",
      "integrity": "sha1-IlY0gZYvTWvemnbVFu8OXTwJsrg=",
      "license": "MIT",
      "dependencies": {
        "follow-redirects": "^1.10.0"
      }
    },
    "node_modules/buffer-alloc": {
      "version": "1.2.0",
      "resolved": "https://core-artifactory.truveris.com/artifactory/api/npm/npm/buffer-alloc/-/buffer-alloc-1.2.0.tgz",
      "integrity": "sha1-iQ3ZDZI6hz4I4Q5f1RpX5bfM4Ow=",
      "license": "MIT",
      "dependencies": {
        "buffer-alloc-unsafe": "^1.1.0",
        "buffer-fill": "^1.0.0"
      }
    },
    "node_modules/buffer-alloc-unsafe": {
      "version": "1.1.0",
      "resolved": "https://core-artifactory.truveris.com/artifactory/api/npm/npm/buffer-alloc-unsafe/-/buffer-alloc-unsafe-1.1.0.tgz",
      "integrity": "sha1-vX3CauKXLQ7aJTvgYdupkjScGfA=",
      "license": "MIT"
    },
    "node_modules/buffer-fill": {
      "version": "1.0.0",
      "resolved": "https://core-artifactory.truveris.com/artifactory/api/npm/npm/buffer-fill/-/buffer-fill-1.0.0.tgz",
      "integrity": "sha1-+PeLdniYiO858gXNY39o5wISKyw=",
      "license": "MIT"
    },
    "node_modules/debug": {
      "version": "4.3.1",
      "resolved": "https://core-artifactory.truveris.com/artifactory/api/npm/npm/debug/-/debug-4.3.1.tgz",
      "integrity": "sha1-8NIpxQXgxtjEmsVT0bE9wYP2su4=",
      "license": "MIT",
      "dependencies": {
        "ms": "2.1.2"
      },
      "engines": {
        "node": ">=6.0"
      },
      "peerDependenciesMeta": {
        "supports-color": {
          "optional": true
        }
      }
    },
    "node_modules/event-target-shim": {
      "version": "5.0.1",
      "resolved": "https://core-artifactory.truveris.com/artifactory/api/npm/npm/event-target-shim/-/event-target-shim-5.0.1.tgz",
      "integrity": "sha1-XU0+vflYPWOlMzzi3rdICrKwV4k=",
      "license": "MIT",
      "engines": {
        "node": ">=6"
      }
    },
    "node_modules/follow-redirects": {
      "version": "1.13.0",
      "resolved": "https://core-artifactory.truveris.com/artifactory/api/npm/npm/follow-redirects/-/follow-redirects-1.13.0.tgz",
      "integrity": "sha1-tC6Nk6Kn7qXtiGM2dtZZe8jjhNs=",
      "engines": {
        "node": ">=4.0"
      }
    },
    "node_modules/minimist": {
      "version": "1.2.5",
      "resolved": "https://core-artifactory.truveris.com/artifactory/api/npm/npm/minimist/-/minimist-1.2.5.tgz",
      "integrity": "sha1-Z9ZgFLZqaoqqDAg8X9WN9OTpdgI="
    },
    "node_modules/module-alias": {
      "version": "2.2.2",
      "resolved": "https://core-artifactory.truveris.com/artifactory/api/npm/npm/module-alias/-/module-alias-2.2.2.tgz",
      "integrity": "sha1-FRzc7MJOJXOf8KpuUeHFcWl0wOA="
    },
    "node_modules/ms": {
      "version": "2.1.2",
      "resolved": "https://core-artifactory.truveris.com/artifactory/api/npm/npm/ms/-/ms-2.1.2.tgz",
      "integrity": "sha1-0J0fNXtEP0kzgqjrPM0YOHKuYAk=",
      "license": "MIT"
    },
    "node_modules/node-fetch": {
      "version": "2.6.1",
      "resolved": "https://core-artifactory.truveris.com/artifactory/api/npm/npm/node-fetch/-/node-fetch-2.6.1.tgz",
      "integrity": "sha1-BFvTI2Mfdu0uK1VXM5RBa2OaAFI=",
      "engines": {
        "node": "4.x || >=6.0.0"
      }
    },
    "node_modules/p-timeout": {
      "version": "4.1.0",
      "resolved": "https://core-artifactory.truveris.com/artifactory/api/npm/npm/p-timeout/-/p-timeout-4.1.0.tgz",
      "integrity": "sha1-eIJTwEUqsP/s8Ypi3/lP8b0Jygo=",
      "license": "MIT",
      "engines": {
        "node": ">=10"
      }
    },
    "node_modules/safe-compare": {
      "version": "1.1.4",
      "resolved": "https://core-artifactory.truveris.com/artifactory/api/npm/npm/safe-compare/-/safe-compare-1.1.4.tgz",
      "integrity": "sha1-XgEoU4qCgg4uklDNeORdpnhrpZM=",
      "license": "MIT",
      "dependencies": {
        "buffer-alloc": "^1.2.0"
      }
    },
    "node_modules/sandwich-stream": {
      "version": "2.0.2",
      "resolved": "https://core-artifactory.truveris.com/artifactory/api/npm/npm/sandwich-stream/-/sandwich-stream-2.0.2.tgz",
      "integrity": "sha1-bR/rbPfp/p+ttBUTRZpywuhAAPo=",
      "engines": {
        "node": ">= 0.10"
      }
    },
    "node_modules/telegraf": {
      "version": "4.3.0",
      "resolved": "https://core-artifactory.truveris.com/artifactory/api/npm/npm/telegraf/-/telegraf-4.3.0.tgz",
      "integrity": "sha1-yWgxkr24Hnx/uwTPHOdQ+zTecUk=",
      "license": "MIT",
      "dependencies": {
        "abort-controller": "^3.0.0",
        "debug": "^4.3.1",
        "minimist": "^1.2.5",
        "module-alias": "^2.2.2",
        "node-fetch": "^2.6.1",
        "p-timeout": "^4.1.0",
        "safe-compare": "^1.1.4",
        "sandwich-stream": "^2.0.2",
        "typegram": "^3.2.0"
      },
      "bin": {
        "telegraf": "bin/telegraf"
      },
      "engines": {
        "node": ">=12"
      }
    },
    "node_modules/typegram": {
      "version": "3.2.3",
      "resolved": "https://core-artifactory.truveris.com/artifactory/api/npm/npm/typegram/-/typegram-3.2.3.tgz",
      "integrity": "sha1-1yTq40HHI1bn8AlGmjg18LFLPec=",
      "license": "MIT"
    }
  },
  "dependencies": {
    "abort-controller": {
      "version": "3.0.0",
      "resolved": "https://core-artifactory.truveris.com/artifactory/api/npm/npm/abort-controller/-/abort-controller-3.0.0.tgz",
      "integrity": "sha1-6vVNU7YrrkE46AnKIlyEOabvs5I=",
      "requires": {
        "event-target-shim": "^5.0.0"
      }
    },
    "axios": {
      "version": "0.21.1",
      "resolved": "https://core-artifactory.truveris.com/artifactory/api/npm/npm/axios/-/axios-0.21.1.tgz",
      "integrity": "sha1-IlY0gZYvTWvemnbVFu8OXTwJsrg=",
      "requires": {
        "follow-redirects": "^1.10.0"
      }
    },
    "buffer-alloc": {
      "version": "1.2.0",
      "resolved": "https://core-artifactory.truveris.com/artifactory/api/npm/npm/buffer-alloc/-/buffer-alloc-1.2.0.tgz",
      "integrity": "sha1-iQ3ZDZI6hz4I4Q5f1RpX5bfM4Ow=",
      "requires": {
        "buffer-alloc-unsafe": "^1.1.0",
        "buffer-fill": "^1.0.0"
      }
    },
    "buffer-alloc-unsafe": {
      "version": "1.1.0",
      "resolved": "https://core-artifactory.truveris.com/artifactory/api/npm/npm/buffer-alloc-unsafe/-/buffer-alloc-unsafe-1.1.0.tgz",
      "integrity": "sha1-vX3CauKXLQ7aJTvgYdupkjScGfA="
    },
    "buffer-fill": {
      "version": "1.0.0",
      "resolved": "https://core-artifactory.truveris.com/artifactory/api/npm/npm/buffer-fill/-/buffer-fill-1.0.0.tgz",
      "integrity": "sha1-+PeLdniYiO858gXNY39o5wISKyw="
    },
    "debug": {
      "version": "4.3.1",
      "resolved": "https://core-artifactory.truveris.com/artifactory/api/npm/npm/debug/-/debug-4.3.1.tgz",
      "integrity": "sha1-8NIpxQXgxtjEmsVT0bE9wYP2su4=",
      "requires": {
        "ms": "2.1.2"
      }
    },
    "event-target-shim": {
      "version": "5.0.1",
      "resolved": "https://core-artifactory.truveris.com/artifactory/api/npm/npm/event-target-shim/-/event-target-shim-5.0.1.tgz",
      "integrity": "sha1-XU0+vflYPWOlMzzi3rdICrKwV4k="
    },
    "follow-redirects": {
      "version": "1.13.0",
      "resolved": "https://core-artifactory.truveris.com/artifactory/api/npm/npm/follow-redirects/-/follow-redirects-1.13.0.tgz",
      "integrity": "sha1-tC6Nk6Kn7qXtiGM2dtZZe8jjhNs="
    },
    "minimist": {
      "version": "1.2.5",
      "resolved": "https://core-artifactory.truveris.com/artifactory/api/npm/npm/minimist/-/minimist-1.2.5.tgz",
      "integrity": "sha1-Z9ZgFLZqaoqqDAg8X9WN9OTpdgI="
    },
    "module-alias": {
      "version": "2.2.2",
      "resolved": "https://core-artifactory.truveris.com/artifactory/api/npm/npm/module-alias/-/module-alias-2.2.2.tgz",
      "integrity": "sha1-FRzc7MJOJXOf8KpuUeHFcWl0wOA="
    },
    "ms": {
      "version": "2.1.2",
      "resolved": "https://core-artifactory.truveris.com/artifactory/api/npm/npm/ms/-/ms-2.1.2.tgz",
      "integrity": "sha1-0J0fNXtEP0kzgqjrPM0YOHKuYAk="
    },
    "node-fetch": {
      "version": "2.6.1",
      "resolved": "https://core-artifactory.truveris.com/artifactory/api/npm/npm/node-fetch/-/node-fetch-2.6.1.tgz",
      "integrity": "sha1-BFvTI2Mfdu0uK1VXM5RBa2OaAFI="
    },
    "p-timeout": {
      "version": "4.1.0",
      "resolved": "https://core-artifactory.truveris.com/artifactory/api/npm/npm/p-timeout/-/p-timeout-4.1.0.tgz",
      "integrity": "sha1-eIJTwEUqsP/s8Ypi3/lP8b0Jygo="
    },
    "safe-compare": {
      "version": "1.1.4",
      "resolved": "https://core-artifactory.truveris.com/artifactory/api/npm/npm/safe-compare/-/safe-compare-1.1.4.tgz",
      "integrity": "sha1-XgEoU4qCgg4uklDNeORdpnhrpZM=",
      "requires": {
        "buffer-alloc": "^1.2.0"
      }
    },
    "sandwich-stream": {
      "version": "2.0.2",
      "resolved": "https://core-artifactory.truveris.com/artifactory/api/npm/npm/sandwich-stream/-/sandwich-stream-2.0.2.tgz",
      "integrity": "sha1-bR/rbPfp/p+ttBUTRZpywuhAAPo="
    },
    "telegraf": {
      "version": "4.3.0",
      "resolved": "https://core-artifactory.truveris.com/artifactory/api/npm/npm/telegraf/-/telegraf-4.3.0.tgz",
      "integrity": "sha1-yWgxkr24Hnx/uwTPHOdQ+zTecUk=",
      "requires": {
        "abort-controller": "^3.0.0",
        "debug": "^4.3.1",
        "minimist": "^1.2.5",
        "module-alias": "^2.2.2",
        "node-fetch": "^2.6.1",
        "p-timeout": "^4.1.0",
        "safe-compare": "^1.1.4",
        "sandwich-stream": "^2.0.2",
        "typegram": "^3.2.0"
      }
    },
    "typegram": {
      "version": "3.2.3",
      "resolved": "https://core-artifactory.truveris.com/artifactory/api/npm/npm/typegram/-/typegram-3.2.3.tgz",
      "integrity": "sha1-1yTq40HHI1bn8AlGmjg18LFLPec="
    }
  }
}
