{
  "name": "ak_bot",
  "version": "1.0.0",
  "lockfileVersion": 1,
  "requires": true,
  "dependencies": {
    "axios": {
      "version": "0.21.0",
      "resolved": "https://core-artifactory.truveris.com/artifactory/api/npm/npm/axios/-/axios-0.21.0.tgz",
      "integrity": "sha1-Jt8IiAOiNQ3/LCf5b++Z/klEKso=",
      "requires": {
        "follow-redirects": "^1.10.0"
      }
    },
    "debug": {
      "version": "4.2.0",
      "resolved": "https://core-artifactory.truveris.com/artifactory/api/npm/npm/debug/-/debug-4.2.0.tgz",
      "integrity": "sha1-fxUPk5IOlMWPVXTC/QGjEQ7/5/E=",
      "requires": {
        "ms": "2.1.2"
      }
    },
    "follow-redirects": {
      "version": "1.13.0",
      "resolved": "https://core-artifactory.truveris.com/artifactory/api/npm/npm/follow-redirects/-/follow-redirects-1.13.0.tgz",
      "integrity": "sha1-tC6Nk6Kn7qXtiGM2dtZZe8jjhNs="
    },
    "minimist": {
      "version": "1.2.5",
      "resolved": "https://core-artifactory.truveris.com/artifactory/api/npm/npm/minimist/-/minimist-1.2.5.tgz",
      "integrity": "sha1-Z9ZgFLZqaoqqDAg8X9WN9OTpdgI="
    },
    "module-alias": {
      "version": "2.2.2",
      "resolved": "https://core-artifactory.truveris.com/artifactory/api/npm/npm/module-alias/-/module-alias-2.2.2.tgz",
      "integrity": "sha1-FRzc7MJOJXOf8KpuUeHFcWl0wOA="
    },
    "ms": {
      "version": "2.1.2",
      "resolved": "https://core-artifactory.truveris.com/artifactory/api/npm/npm/ms/-/ms-2.1.2.tgz",
      "integrity": "sha1-0J0fNXtEP0kzgqjrPM0YOHKuYAk="
    },
    "node-fetch": {
      "version": "2.6.1",
      "resolved": "https://core-artifactory.truveris.com/artifactory/api/npm/npm/node-fetch/-/node-fetch-2.6.1.tgz",
      "integrity": "sha1-BFvTI2Mfdu0uK1VXM5RBa2OaAFI="
    },
    "sandwich-stream": {
      "version": "2.0.2",
      "resolved": "https://core-artifactory.truveris.com/artifactory/api/npm/npm/sandwich-stream/-/sandwich-stream-2.0.2.tgz",
      "integrity": "sha1-bR/rbPfp/p+ttBUTRZpywuhAAPo="
    },
    "telegraf": {
      "version": "3.38.0",
      "resolved": "https://core-artifactory.truveris.com/artifactory/api/npm/npm/telegraf/-/telegraf-3.38.0.tgz",
      "integrity": "sha1-dFtEdUeo5s22JgVeTWFgWKquB1k=",
      "requires": {
        "debug": "^4.0.1",
        "minimist": "^1.2.0",
        "module-alias": "^2.2.2",
        "node-fetch": "^2.2.0",
        "sandwich-stream": "^2.0.1",
        "telegram-typings": "^3.6.0"
      }
    },
    "telegram-typings": {
      "version": "3.6.1",
      "resolved": "https://core-artifactory.truveris.com/artifactory/api/npm/npm/telegram-typings/-/telegram-typings-3.6.1.tgz",
      "integrity": "sha1-EojVR/hpS2HxwBwpk+KV8xFNniU="
    }
  }
}
